{
	"name": "@root/acme",
	"version": "3.1.3",
	"lockfileVersion": 3,
	"requires": true,
	"packages": {
		"": {
			"name": "@root/acme",
			"version": "3.1.3",
			"license": "MPL-2.0",
			"dependencies": {
				"@root/csr": "^0.8.1",
				"@root/encoding": "^1.0.1",
				"@root/keypairs": "^0.10.0",
				"@root/pem": "^1.0.4",
				"@root/request": "^1.6.1",
				"@root/x509": "^0.7.2"
			},
			"devDependencies": {
				"dig.js": "^1.3.9",
				"dns-suite": "^1.2.13",
				"dotenv": "^8.1.0",
				"punycode": "^1.4.1",
				"uglify-js": "^3.17.4"
			}
		},
		"node_modules/@root/asn1": {
			"version": "1.0.0",
			"resolved": "https://registry.npmjs.org/@root/asn1/-/asn1-1.0.0.tgz",
			"integrity": "sha512-0lfZNuOULKJDJmdIkP8V9RnbV3XaK6PAHD3swnFy4tZwtlMDzLKoM/dfNad7ut8Hu3r91wy9uK0WA/9zym5mig==",
			"dependencies": {
				"@root/encoding": "^1.0.1"
			}
		},
		"node_modules/@root/csr": {
			"version": "0.8.1",
			"resolved": "https://registry.npmjs.org/@root/csr/-/csr-0.8.1.tgz",
			"integrity": "sha512-hKl0VuE549TK6SnS2Yn9nRvKbFZXn/oAg+dZJU/tlKl/f/0yRXeuUzf8akg3JjtJq+9E592zDqeXZ7yyrg8fSQ==",
			"dependencies": {
				"@root/asn1": "^1.0.0",
				"@root/pem": "^1.0.4",
				"@root/x509": "^0.7.2"
			}
		},
		"node_modules/@root/encoding": {
			"version": "1.0.1",
			"resolved": "https://registry.npmjs.org/@root/encoding/-/encoding-1.0.1.tgz",
			"integrity": "sha512-OaEub02ufoU038gy6bsNHQOjIn8nUjGiLcaRmJ40IUykneJkIW5fxDqKxQx48cszuNflYldsJLPPXCrGfHs8yQ=="
		},
		"node_modules/@root/keypairs": {
			"version": "0.10.0",
			"resolved": "https://registry.npmjs.org/@root/keypairs/-/keypairs-0.10.0.tgz",
			"integrity": "sha512-t8VocY46Mtb0NTsxzyLLf5tsgfw0BXLYVADAyiRdEdqHcvPFGJdjkXNtHVQuSV/FMaC65iTOHVP4E6X8iT3Ikg==",
			"dependencies": {
				"@root/encoding": "^1.0.1",
				"@root/pem": "^1.0.4",
				"@root/x509": "^0.7.2"
			}
		},
		"node_modules/@root/pem": {
			"version": "1.0.4",
			"resolved": "https://registry.npmjs.org/@root/pem/-/pem-1.0.4.tgz",
			"integrity": "sha512-rEUDiUsHtild8GfIjFE9wXtcVxeS+ehCJQBwbQQ3IVfORKHK93CFnRtkr69R75lZFjcmKYVc+AXDB+AeRFOULA=="
		},
		"node_modules/@root/request": {
			"version": "1.6.1",
			"resolved": "https://registry.npmjs.org/@root/request/-/request-1.6.1.tgz",
			"integrity": "sha512-8wrWyeBLRp7T8J36GkT3RODJ6zYmL0/maWlAUD5LOXT28D3TDquUepyYDKYANNA3Gc8R5ZCgf+AXvSTYpJEWwQ=="
		},
		"node_modules/@root/x509": {
			"version": "0.7.2",
			"resolved": "https://registry.npmjs.org/@root/x509/-/x509-0.7.2.tgz",
			"integrity": "sha512-ENq3LGYORK5NiMFHEVeNMt+fTXaC7DTS6sQXoqV+dFdfT0vmiL5cDLjaXQhaklJQq0NiwicZegzJRl1ZOTp3WQ==",
			"dependencies": {
				"@root/asn1": "^1.0.0",
				"@root/encoding": "^1.0.1"
			}
		},
		"node_modules/balanced-match": {
			"version": "1.0.0",
			"resolved": "https://registry.npmjs.org/balanced-match/-/balanced-match-1.0.0.tgz",
			"integrity": "sha1-ibTRmasr7kneFk6gK4nORi1xt2c=",
			"dev": true
		},
		"node_modules/bluebird": {
			"version": "3.7.1",
			"resolved": "https://registry.npmjs.org/bluebird/-/bluebird-3.7.1.tgz",
			"integrity": "sha512-DdmyoGCleJnkbp3nkbxTLJ18rjDsE4yCggEwKNXkeV123sPNfOCYeDoeuOY+F2FrSjO1YXcTU+dsy96KMy+gcg==",
			"dev": true
		},
		"node_modules/brace-expansion": {
			"version": "1.1.11",
			"resolved": "https://registry.npmjs.org/brace-expansion/-/brace-expansion-1.1.11.tgz",
			"integrity": "sha512-iCuPHDFgrHX7H2vEI/5xpz07zSHB00TpugqhmYtVmMO6518mCuRMoOYFldEBl0g187ufozdaHgWKcYFb61qGiA==",
			"dev": true,
			"dependencies": {
				"balanced-match": "^1.0.0",
				"concat-map": "0.0.1"
			}
		},
		"node_modules/cli": {
			"version": "1.0.1",
			"resolved": "https://registry.npmjs.org/cli/-/cli-1.0.1.tgz",
			"integrity": "sha1-IoF1NPJL+klQw01TLUjsvGIbjBQ=",
			"dev": true,
			"dependencies": {
				"exit": "0.1.2",
				"glob": "^7.1.1"
			},
			"engines": {
				"node": ">=0.2.5"
			}
		},
		"node_modules/concat-map": {
			"version": "0.0.1",
			"resolved": "https://registry.npmjs.org/concat-map/-/concat-map-0.0.1.tgz",
			"integrity": "sha1-2Klr13/Wjfd5OnMDajug1UBdR3s=",
			"dev": true
		},
		"node_modules/dig.js": {
			"version": "1.3.9",
			"resolved": "https://registry.npmjs.org/dig.js/-/dig.js-1.3.9.tgz",
			"integrity": "sha512-O/tSWZuW7AwpjsgePPmTanwvSDL9xF+FzLTJD9byN3C6lk79iMejC/Ahz9CERAXTW4e2TXL1vtqh3T0Ug79ocA==",
			"dev": true,
			"dependencies": {
				"cli": "^1.0.1",
				"dns-suite": "git+https://git.coolaj86.com/coolaj86/dns-suite.js#v1.2"
			},
			"bin": {
				"dig.js": "bin/dig.js"
			},
			"optionalDependencies": {
				"hexdump.js": "git+https://git.coolaj86.com/coolaj86/hexdump.js#v1.0.4"
			}
		},
		"node_modules/dig.js/node_modules/dns-suite": {
			"version": "1.2.12",
			"resolved": "git+https://git.coolaj86.com/coolaj86/dns-suite.js#092008f766540909d27c934211495c9e03705bf3",
			"dev": true,
			"license": "(MIT or Apache2)",
			"dependencies": {
				"bluebird": "^3.5.0",
				"hexdump.js": "git+https://git.coolaj86.com/coolaj86/hexdump.js#v1.0.4"
			},
			"bin": {
				"dns-pack.js": "bin/dns-pack.js",
				"dns-parse.js": "bin/dns-parse.js",
				"dns-test.js": "bin/dns-test.js",
				"mdns-capture.js": "bin/mdns-capture.js"
			}
		},
		"node_modules/dns-suite": {
			"version": "1.2.13",
			"resolved": "https://registry.npmjs.org/dns-suite/-/dns-suite-1.2.13.tgz",
			"integrity": "sha512-veYKPHUc2RfRCe7c4G/iKxhRv0S4InJ3JsW8tEhW6Yb7dn3ac34iozC6cNX0uzHYZUw0BG5V9Fu65L1bx1GeBg==",
			"dev": true,
			"dependencies": {
				"@root/hexdump": "^1.1.1"
			},
			"bin": {
				"dns-pack.js": "bin/dns-pack.js",
				"dns-parse.js": "bin/dns-parse.js",
				"dns-test.js": "bin/dns-test.js",
				"mdns-capture.js": "bin/mdns-capture.js"
			}
		},
		"node_modules/dns-suite/node_modules/@root/hexdump": {
			"version": "1.1.1",
			"resolved": "https://registry.npmjs.org/@root/hexdump/-/hexdump-1.1.1.tgz",
			"integrity": "sha512-AmrmLOutlzctR599ittO06lINOco1TIqb0c1wu83fP2Eoi5iSvx7kVWC4mDufze8rxPewC+aQOx4e6Pw7izV4A==",
			"dev": true,
			"bin": {
				"hexdump.js": "bin/cli.js"
			}
		},
		"node_modules/dotenv": {
			"version": "8.2.0",
			"resolved": "https://registry.npmjs.org/dotenv/-/dotenv-8.2.0.tgz",
			"integrity": "sha512-8sJ78ElpbDJBHNeBzUbUVLsqKdccaa/BXF1uPTw3GrvQTBgrQrtObr2mUrE38vzYd8cEv+m/JBfDLioYcfXoaw==",
			"dev": true,
			"engines": {
				"node": ">=8"
			}
		},
		"node_modules/exit": {
			"version": "0.1.2",
			"resolved": "https://registry.npmjs.org/exit/-/exit-0.1.2.tgz",
			"integrity": "sha1-BjJjj42HfMghB9MKD/8aF8uhzQw=",
			"dev": true,
			"engines": {
				"node": ">= 0.8.0"
			}
		},
		"node_modules/fs.realpath": {
			"version": "1.0.0",
			"resolved": "https://registry.npmjs.org/fs.realpath/-/fs.realpath-1.0.0.tgz",
			"integrity": "sha1-FQStJSMVjKpA20onh8sBQRmU6k8=",
			"dev": true
		},
		"node_modules/glob": {
			"version": "7.1.6",
			"resolved": "https://registry.npmjs.org/glob/-/glob-7.1.6.tgz",
			"integrity": "sha512-LwaxwyZ72Lk7vZINtNNrywX0ZuLyStrdDtabefZKAY5ZGJhVtgdznluResxNmPitE0SAO+O26sWTHeKSI2wMBA==",
			"dev": true,
			"dependencies": {
				"fs.realpath": "^1.0.0",
				"inflight": "^1.0.4",
				"inherits": "2",
				"minimatch": "^3.0.4",
				"once": "^1.3.0",
				"path-is-absolute": "^1.0.0"
			},
			"engines": {
				"node": "*"
			},
			"funding": {
				"url": "https://github.com/sponsors/isaacs"
			}
		},
		"node_modules/hexdump.js": {
			"version": "1.0.4",
			"resolved": "git+https://git.coolaj86.com/coolaj86/hexdump.js#222fa7de5036a16397de2fe703c35ac54a3d8d0c",
			"dev": true,
			"license": "MIT",
			"bin": {
				"hexdump.js": "bin/cli.js"
			}
		},
		"node_modules/inflight": {
			"version": "1.0.6",
			"resolved": "https://registry.npmjs.org/inflight/-/inflight-1.0.6.tgz",
			"integrity": "sha1-Sb1jMdfQLQwJvJEKEHW6gWW1bfk=",
			"dev": true,
			"dependencies": {
				"once": "^1.3.0",
				"wrappy": "1"
			}
		},
		"node_modules/inherits": {
			"version": "2.0.4",
			"resolved": "https://registry.npmjs.org/inherits/-/inherits-2.0.4.tgz",
			"integrity": "sha512-k/vGaX4/Yla3WzyMCvTQOXYeIHvqOKtnqBduzTHpzpQZzAskKMhZ2K+EnBiSM9zGSoIFeMpXKxa4dYeZIQqewQ==",
			"dev": true
		},
		"node_modules/minimatch": {
			"version": "3.1.2",
			"resolved": "https://registry.npmjs.org/minimatch/-/minimatch-3.1.2.tgz",
			"integrity": "sha512-J7p63hRiAjw1NDEww1W7i37+ByIrOWO5XQQAzZ3VOcL0PNybwpfmV/N05zFAzwQ9USyEcX6t3UO+K5aqBQOIHw==",
			"dev": true,
			"dependencies": {
				"brace-expansion": "^1.1.7"
			},
			"engines": {
				"node": "*"
			}
		},
		"node_modules/once": {
			"version": "1.4.0",
			"resolved": "https://registry.npmjs.org/once/-/once-1.4.0.tgz",
			"integrity": "sha1-WDsap3WWHUsROsF9nFC6753Xa9E=",
			"dev": true,
			"dependencies": {
				"wrappy": "1"
			}
		},
		"node_modules/path-is-absolute": {
			"version": "1.0.1",
			"resolved": "https://registry.npmjs.org/path-is-absolute/-/path-is-absolute-1.0.1.tgz",
			"integrity": "sha1-F0uSaHNVNP+8es5r9TpanhtcX18=",
			"dev": true,
			"engines": {
				"node": ">=0.10.0"
			}
		},
		"node_modules/punycode": {
			"version": "1.4.1",
			"resolved": "https://registry.npmjs.org/punycode/-/punycode-1.4.1.tgz",
			"integrity": "sha1-wNWmOycYgArY4esPpSachN1BhF4=",
			"dev": true
		},
		"node_modules/uglify-js": {
			"version": "3.17.4",
			"resolved": "https://registry.npmjs.org/uglify-js/-/uglify-js-3.17.4.tgz",
			"integrity": "sha512-T9q82TJI9e/C1TAxYvfb16xO120tMVFZrGA3f9/P4424DNu6ypK103y0GPFVa17yotwSyZW5iYXgjYHkGrJW/g==",
			"dev": true,
			"bin": {
				"uglifyjs": "bin/uglifyjs"
			},
			"engines": {
				"node": ">=0.8.0"
			}
		},
		"node_modules/wrappy": {
			"version": "1.0.2",
			"resolved": "https://registry.npmjs.org/wrappy/-/wrappy-1.0.2.tgz",
			"integrity": "sha1-tSQ9jz7BqjXxNkYFvA0QNuMKtp8=",
			"dev": true
		}
	}
}
